// !$*UTF8*$!
{
	archiveVersion = 1;
	classes = {
	};
	objectVersion = 55;
	objects = {

/* Begin PBXBuildFile section */
		9C020E39286CA788009EB04F /* ViewControllerLGSViewController.swift in Sources */ = {isa = PBXBuildFile; fileRef = 9C020E38286CA788009EB04F /* ViewControllerLGSViewController.swift */; };
		9C020E3B286CA895009EB04F /* ViewControllerChooseOption.swift in Sources */ = {isa = PBXBuildFile; fileRef = 9C020E3A286CA895009EB04F /* ViewControllerChooseOption.swift */; };
		9C020E3D286CABD0009EB04F /* EducationViewController.swift in Sources */ = {isa = PBXBuildFile; fileRef = 9C020E3C286CABD0009EB04F /* EducationViewController.swift */; };
		9C020E3F286CACDB009EB04F /* FoodItemViewController.swift in Sources */ = {isa = PBXBuildFile; fileRef = 9C020E3E286CACDB009EB04F /* FoodItemViewController.swift */; };
		9C020E41286CB214009EB04F /* FruitViewController.swift in Sources */ = {isa = PBXBuildFile; fileRef = 9C020E40286CB214009EB04F /* FruitViewController.swift */; };
		CB5FDBAE286B8ACF007E6B81 /* AppDelegate.swift in Sources */ = {isa = PBXBuildFile; fileRef = CB5FDBAD286B8ACF007E6B81 /* AppDelegate.swift */; };
		CB5FDBB0286B8ACF007E6B81 /* SceneDelegate.swift in Sources */ = {isa = PBXBuildFile; fileRef = CB5FDBAF286B8ACF007E6B81 /* SceneDelegate.swift */; };
		CB5FDBB2286B8ACF007E6B81 /* ViewController.swift in Sources */ = {isa = PBXBuildFile; fileRef = CB5FDBB1286B8ACF007E6B81 /* ViewController.swift */; };
		CB5FDBB5286B8ACF007E6B81 /* Main.storyboard in Resources */ = {isa = PBXBuildFile; fileRef = CB5FDBB3286B8ACF007E6B81 /* Main.storyboard */; };
		CB5FDBB8286B8ACF007E6B81 /* Flip.xcdatamodeld in Sources */ = {isa = PBXBuildFile; fileRef = CB5FDBB6286B8ACF007E6B81 /* Flip.xcdatamodeld */; };
		CB5FDBBA286B8AD1007E6B81 /* Assets.xcassets in Resources */ = {isa = PBXBuildFile; fileRef = CB5FDBB9286B8AD1007E6B81 /* Assets.xcassets */; };
		CB5FDBBD286B8AD1007E6B81 /* LaunchScreen.storyboard in Resources */ = {isa = PBXBuildFile; fileRef = CB5FDBBB286B8AD1007E6B81 /* LaunchScreen.storyboard */; };
/* End PBXBuildFile section */

/* Begin PBXFileReference section */
		9C020E38286CA788009EB04F /* ViewControllerLGSViewController.swift */ = {isa = PBXFileReference; lastKnownFileType = sourcecode.swift; path = ViewControllerLGSViewController.swift; sourceTree = "<group>"; };
		9C020E3A286CA895009EB04F /* ViewControllerChooseOption.swift */ = {isa = PBXFileReference; lastKnownFileType = sourcecode.swift; path = ViewControllerChooseOption.swift; sourceTree = "<group>"; };
		9C020E3C286CABD0009EB04F /* EducationViewController.swift */ = {isa = PBXFileReference; lastKnownFileType = sourcecode.swift; path = EducationViewController.swift; sourceTree = "<group>"; };
		9C020E3E286CACDB009EB04F /* FoodItemViewController.swift */ = {isa = PBXFileReference; lastKnownFileType = sourcecode.swift; path = FoodItemViewController.swift; sourceTree = "<group>"; };
		9C020E40286CB214009EB04F /* FruitViewController.swift */ = {isa = PBXFileReference; lastKnownFileType = sourcecode.swift; path = FruitViewController.swift; sourceTree = "<group>"; };
		CB5FDBAA286B8ACF007E6B81 /* Flip.app */ = {isa = PBXFileReference; explicitFileType = wrapper.application; includeInIndex = 0; path = Flip.app; sourceTree = BUILT_PRODUCTS_DIR; };
		CB5FDBAD286B8ACF007E6B81 /* AppDelegate.swift */ = {isa = PBXFileReference; lastKnownFileType = sourcecode.swift; path = AppDelegate.swift; sourceTree = "<group>"; };
		CB5FDBAF286B8ACF007E6B81 /* SceneDelegate.swift */ = {isa = PBXFileReference; lastKnownFileType = sourcecode.swift; path = SceneDelegate.swift; sourceTree = "<group>"; };
		CB5FDBB1286B8ACF007E6B81 /* ViewController.swift */ = {isa = PBXFileReference; lastKnownFileType = sourcecode.swift; path = ViewController.swift; sourceTree = "<group>"; };
		CB5FDBB4286B8ACF007E6B81 /* Base */ = {isa = PBXFileReference; lastKnownFileType = file.storyboard; name = Base; path = Base.lproj/Main.storyboard; sourceTree = "<group>"; };
		CB5FDBB7286B8ACF007E6B81 /* Flip.xcdatamodel */ = {isa = PBXFileReference; lastKnownFileType = wrapper.xcdatamodel; path = Flip.xcdatamodel; sourceTree = "<group>"; };
		CB5FDBB9286B8AD1007E6B81 /* Assets.xcassets */ = {isa = PBXFileReference; lastKnownFileType = folder.assetcatalog; path = Assets.xcassets; sourceTree = "<group>"; };
		CB5FDBBC286B8AD1007E6B81 /* Base */ = {isa = PBXFileReference; lastKnownFileType = file.storyboard; name = Base; path = Base.lproj/LaunchScreen.storyboard; sourceTree = "<group>"; };
		CB5FDBBE286B8AD1007E6B81 /* Info.plist */ = {isa = PBXFileReference; lastKnownFileType = text.plist.xml; path = Info.plist; sourceTree = "<group>"; };
/* End PBXFileReference section */

/* Begin PBXFrameworksBuildPhase section */
		CB5FDBA7286B8ACF007E6B81 /* Frameworks */ = {
			isa = PBXFrameworksBuildPhase;
			buildActionMask = 2147483647;
			files = (
			);
			runOnlyForDeploymentPostprocessing = 0;
		};
/* End PBXFrameworksBuildPhase section */

/* Begin PBXGroup section */
		CB5FDBA1286B8ACF007E6B81 = {
			isa = PBXGroup;
			children = (
				CB5FDBAC286B8ACF007E6B81 /* Flip */,
				CB5FDBAB286B8ACF007E6B81 /* Products */,
			);
			sourceTree = "<group>";
		};
		CB5FDBAB286B8ACF007E6B81 /* Products */ = {
			isa = PBXGroup;
			children = (
				CB5FDBAA286B8ACF007E6B81 /* Flip.app */,
			);
			name = Products;
			sourceTree = "<group>";
		};
		CB5FDBAC286B8ACF007E6B81 /* Flip */ = {
			isa = PBXGroup;
			children = (
				CB5FDBAD286B8ACF007E6B81 /* AppDelegate.swift */,
				CB5FDBAF286B8ACF007E6B81 /* SceneDelegate.swift */,
				CB5FDBB1286B8ACF007E6B81 /* ViewController.swift */,
				CB5FDBB3286B8ACF007E6B81 /* Main.storyboard */,
				CB5FDBB9286B8AD1007E6B81 /* Assets.xcassets */,
				CB5FDBBB286B8AD1007E6B81 /* LaunchScreen.storyboard */,
				CB5FDBBE286B8AD1007E6B81 /* Info.plist */,
				CB5FDBB6286B8ACF007E6B81 /* Flip.xcdatamodeld */,
				9C020E38286CA788009EB04F /* ViewControllerLGSViewController.swift */,
				9C020E3A286CA895009EB04F /* ViewControllerChooseOption.swift */,
				9C020E3C286CABD0009EB04F /* EducationViewController.swift */,
				9C020E3E286CACDB009EB04F /* FoodItemViewController.swift */,
				9C020E40286CB214009EB04F /* FruitViewController.swift */,
			);
			path = Flip;
			sourceTree = "<group>";
		};
/* End PBXGroup section */

/* Begin PBXNativeTarget section */
		CB5FDBA9286B8ACF007E6B81 /* Flip */ = {
			isa = PBXNativeTarget;
			buildConfigurationList = CB5FDBC1286B8AD1007E6B81 /* Build configuration list for PBXNativeTarget "Flip" */;
			buildPhases = (
				CB5FDBA6286B8ACF007E6B81 /* Sources */,
				CB5FDBA7286B8ACF007E6B81 /* Frameworks */,
				CB5FDBA8286B8ACF007E6B81 /* Resources */,
			);
			buildRules = (
			);
			dependencies = (
			);
			name = Flip;
			productName = Flip;
			productReference = CB5FDBAA286B8ACF007E6B81 /* Flip.app */;
			productType = "com.apple.product-type.application";
		};
/* End PBXNativeTarget section */

/* Begin PBXProject section */
		CB5FDBA2286B8ACF007E6B81 /* Project object */ = {
			isa = PBXProject;
			attributes = {
				BuildIndependentTargetsInParallel = 1;
				LastSwiftUpdateCheck = 1320;
				LastUpgradeCheck = 1320;
				TargetAttributes = {
					CB5FDBA9286B8ACF007E6B81 = {
						CreatedOnToolsVersion = 13.2;
					};
				};
			};
			buildConfigurationList = CB5FDBA5286B8ACF007E6B81 /* Build configuration list for PBXProject "Flip" */;
			compatibilityVersion = "Xcode 13.0";
			developmentRegion = en;
			hasScannedForEncodings = 0;
			knownRegions = (
				en,
				Base,
			);
			mainGroup = CB5FDBA1286B8ACF007E6B81;
			productRefGroup = CB5FDBAB286B8ACF007E6B81 /* Products */;
			projectDirPath = "";
			projectRoot = "";
			targets = (
				CB5FDBA9286B8ACF007E6B81 /* Flip */,
			);
		};
/* End PBXProject section */

/* Begin PBXResourcesBuildPhase section */
		CB5FDBA8286B8ACF007E6B81 /* Resources */ = {
			isa = PBXResourcesBuildPhase;
			buildActionMask = 2147483647;
			files = (
				CB5FDBBD286B8AD1007E6B81 /* LaunchScreen.storyboard in Resources */,
				CB5FDBBA286B8AD1007E6B81 /* Assets.xcassets in Resources */,
				CB5FDBB5286B8ACF007E6B81 /* Main.storyboard in Resources */,
			);
			runOnlyForDeploymentPostprocessing = 0;
		};
/* End PBXResourcesBuildPhase section */

/* Begin PBXSourcesBuildPhase section */
		CB5FDBA6286B8ACF007E6B81 /* Sources */ = {
			isa = PBXSourcesBuildPhase;
			buildActionMask = 2147483647;
			files = (
				CB5FDBB8286B8ACF007E6B81 /* Flip.xcdatamodeld in Sources */,
				CB5FDBB2286B8ACF007E6B81 /* ViewController.swift in Sources */,
				9C020E41286CB214009EB04F /* FruitViewController.swift in Sources */,
				9C020E3D286CABD0009EB04F /* EducationViewController.swift in Sources */,
				9C020E3B286CA895009EB04F /* ViewControllerChooseOption.swift in Sources */,
				CB5FDBAE286B8ACF007E6B81 /* AppDelegate.swift in Sources */,
				9C020E3F286CACDB009EB04F /* FoodItemViewController.swift in Sources */,
				CB5FDBB0286B8ACF007E6B81 /* SceneDelegate.swift in Sources */,
				9C020E39286CA788009EB04F /* ViewControllerLGSViewController.swift in Sources */,
			);
			runOnlyForDeploymentPostprocessing = 0;
		};
/* End PBXSourcesBuildPhase section */

/* Begin PBXVariantGroup section */
		CB5FDBB3286B8ACF007E6B81 /* Main.storyboard */ = {
			isa = PBXVariantGroup;
			children = (
				CB5FDBB4286B8ACF007E6B81 /* Base */,
			);
			name = Main.storyboard;
			sourceTree = "<group>";
		};
		CB5FDBBB286B8AD1007E6B81 /* LaunchScreen.storyboard */ = {
			isa = PBXVariantGroup;
			children = (
				CB5FDBBC286B8AD1007E6B81 /* Base */,
			);
			name = LaunchScreen.storyboard;
			sourceTree = "<group>";
		};
/* End PBXVariantGroup section */

/* Begin XCBuildConfiguration section */
		CB5FDBBF286B8AD1007E6B81 /* Debug */ = {
			isa = XCBuildConfiguration;
			buildSettings = {
				ALWAYS_SEARCH_USER_PATHS = NO;
				CLANG_ANALYZER_NONNULL = YES;
				CLANG_ANALYZER_NUMBER_OBJECT_CONVERSION = YES_AGGRESSIVE;
				CLANG_CXX_LANGUAGE_STANDARD = "gnu++17";
				CLANG_CXX_LIBRARY = "libc++";
				CLANG_ENABLE_MODULES = YES;
				CLANG_ENABLE_OBJC_ARC = YES;
				CLANG_ENABLE_OBJC_WEAK = YES;
				CLANG_WARN_BLOCK_CAPTURE_AUTORELEASING = YES;
				CLANG_WARN_BOOL_CONVERSION = YES;
				CLANG_WARN_COMMA = YES;
				CLANG_WARN_CONSTANT_CONVERSION = YES;
				CLANG_WARN_DEPRECATED_OBJC_IMPLEMENTATIONS = YES;
				CLANG_WARN_DIRECT_OBJC_ISA_USAGE = YES_ERROR;
				CLANG_WARN_DOCUMENTATION_COMMENTS = YES;
				CLANG_WARN_EMPTY_BODY = YES;
				CLANG_WARN_ENUM_CONVERSION = YES;
				CLANG_WARN_INFINITE_RECURSION = YES;
				CLANG_WARN_INT_CONVERSION = YES;
				CLANG_WARN_NON_LITERAL_NULL_CONVERSION = YES;
				CLANG_WARN_OBJC_IMPLICIT_RETAIN_SELF = YES;
				CLANG_WARN_OBJC_LITERAL_CONVERSION = YES;
				CLANG_WARN_OBJC_ROOT_CLASS = YES_ERROR;
				CLANG_WARN_QUOTED_INCLUDE_IN_FRAMEWORK_HEADER = YES;
				CLANG_WARN_RANGE_LOOP_ANALYSIS = YES;
				CLANG_WARN_STRICT_PROTOTYPES = YES;
				CLANG_WARN_SUSPICIOUS_MOVE = YES;
				CLANG_WARN_UNGUARDED_AVAILABILITY = YES_AGGRESSIVE;
				CLANG_WARN_UNREACHABLE_CODE = YES;
				CLANG_WARN__DUPLICATE_METHOD_MATCH = YES;
				COPY_PHASE_STRIP = NO;
				DEBUG_INFORMATION_FORMAT = dwarf;
				ENABLE_STRICT_OBJC_MSGSEND = YES;
				ENABLE_TESTABILITY = YES;
				GCC_C_LANGUAGE_STANDARD = gnu11;
				GCC_DYNAMIC_NO_PIC = NO;
				GCC_NO_COMMON_BLOCKS = YES;
				GCC_OPTIMIZATION_LEVEL = 0;
				GCC_PREPROCESSOR_DEFINITIONS = (
					"DEBUG=1",
					"$(inherited)",
				);
				GCC_WARN_64_TO_32_BIT_CONVERSION = YES;
				GCC_WARN_ABOUT_RETURN_TYPE = YES_ERROR;
				GCC_WARN_UNDECLARED_SELECTOR = YES;
				GCC_WARN_UNINITIALIZED_AUTOS = YES_AGGRESSIVE;
				GCC_WARN_UNUSED_FUNCTION = YES;
				GCC_WARN_UNUSED_VARIABLE = YES;
				IPHONEOS_DEPLOYMENT_TARGET = 15.2;
				MTL_ENABLE_DEBUG_INFO = INCLUDE_SOURCE;
				MTL_FAST_MATH = YES;
				ONLY_ACTIVE_ARCH = YES;
				SDKROOT = iphoneos;
				SWIFT_ACTIVE_COMPILATION_CONDITIONS = DEBUG;
				SWIFT_OPTIMIZATION_LEVEL = "-Onone";
			};
			name = Debug;
		};
		CB5FDBC0286B8AD1007E6B81 /* Release */ = {
			isa = XCBuildConfiguration;
			buildSettings = {
				ALWAYS_SEARCH_USER_PATHS = NO;
				CLANG_ANALYZER_NONNULL = YES;
				CLANG_ANALYZER_NUMBER_OBJECT_CONVERSION = YES_AGGRESSIVE;
				CLANG_CXX_LANGUAGE_STANDARD = "gnu++17";
				CLANG_CXX_LIBRARY = "libc++";
				CLANG_ENABLE_MODULES = YES;
				CLANG_ENABLE_OBJC_ARC = YES;
				CLANG_ENABLE_OBJC_WEAK = YES;
				CLANG_WARN_BLOCK_CAPTURE_AUTORELEASING = YES;
				CLANG_WARN_BOOL_CONVERSION = YES;
				CLANG_WARN_COMMA = YES;
				CLANG_WARN_CONSTANT_CONVERSION = YES;
				CLANG_WARN_DEPRECATED_OBJC_IMPLEMENTATIONS = YES;
				CLANG_WARN_DIRECT_OBJC_ISA_USAGE = YES_ERROR;
				CLANG_WARN_DOCUMENTATION_COMMENTS = YES;
				CLANG_WARN_EMPTY_BODY = YES;
				CLANG_WARN_ENUM_CONVERSION = YES;
				CLANG_WARN_INFINITE_RECURSION = YES;
				CLANG_WARN_INT_CONVERSION = YES;
				CLANG_WARN_NON_LITERAL_NULL_CONVERSION = YES;
				CLANG_WARN_OBJC_IMPLICIT_RETAIN_SELF = YES;
				CLANG_WARN_OBJC_LITERAL_CONVERSION = YES;
				CLANG_WARN_OBJC_ROOT_CLASS = YES_ERROR;
				CLANG_WARN_QUOTED_INCLUDE_IN_FRAMEWORK_HEADER = YES;
				CLANG_WARN_RANGE_LOOP_ANALYSIS = YES;
				CLANG_WARN_STRICT_PROTOTYPES = YES;
				CLANG_WARN_SUSPICIOUS_MOVE = YES;
				CLANG_WARN_UNGUARDED_AVAILABILITY = YES_AGGRESSIVE;
				CLANG_WARN_UNREACHABLE_CODE = YES;
				CLANG_WARN__DUPLICATE_METHOD_MATCH = YES;
				COPY_PHASE_STRIP = NO;
				DEBUG_INFORMATION_FORMAT = "dwarf-with-dsym";
				ENABLE_NS_ASSERTIONS = NO;
				ENABLE_STRICT_OBJC_MSGSEND = YES;
				GCC_C_LANGUAGE_STANDARD = gnu11;
				GCC_NO_COMMON_BLOCKS = YES;
				GCC_WARN_64_TO_32_BIT_CONVERSION = YES;
				GCC_WARN_ABOUT_RETURN_TYPE = YES_ERROR;
				GCC_WARN_UNDECLARED_SELECTOR = YES;
				GCC_WARN_UNINITIALIZED_AUTOS = YES_AGGRESSIVE;
				GCC_WARN_UNUSED_FUNCTION = YES;
				GCC_WARN_UNUSED_VARIABLE = YES;
				IPHONEOS_DEPLOYMENT_TARGET = 15.2;
				MTL_ENABLE_DEBUG_INFO = NO;
				MTL_FAST_MATH = YES;
				SDKROOT = iphoneos;
				SWIFT_COMPILATION_MODE = wholemodule;
				SWIFT_OPTIMIZATION_LEVEL = "-O";
				VALIDATE_PRODUCT = YES;
			};
			name = Release;
		};
		CB5FDBC2286B8AD1007E6B81 /* Debug */ = {
			isa = XCBuildConfiguration;
			buildSettings = {
				ASSETCATALOG_COMPILER_APPICON_NAME = AppIcon;
				ASSETCATALOG_COMPILER_GLOBAL_ACCENT_COLOR_NAME = AccentColor;
				CODE_SIGN_STYLE = Automatic;
				CURRENT_PROJECT_VERSION = 1;
				GENERATE_INFOPLIST_FILE = YES;
				INFOPLIST_FILE = Flip/Info.plist;
				INFOPLIST_KEY_UIApplicationSupportsIndirectInputEvents = YES;
				INFOPLIST_KEY_UILaunchStoryboardName = LaunchScreen;
				INFOPLIST_KEY_UIMainStoryboardFile = Main;
				INFOPLIST_KEY_UISupportedInterfaceOrientations_iPad = "UIInterfaceOrientationPortrait UIInterfaceOrientationPortraitUpsideDown UIInterfaceOrientationLandscapeLeft UIInterfaceOrientationLandscapeRight";
				INFOPLIST_KEY_UISupportedInterfaceOrientations_iPhone = "UIInterfaceOrientationPortrait UIInterfaceOrientationLandscapeLeft UIInterfaceOrientationLandscapeRight";
				LD_RUNPATH_SEARCH_PATHS = (
					"$(inherited)",
					"@executable_path/Frameworks",
				);
				MARKETING_VERSION = 1.0;
				PRODUCT_BUNDLE_IDENTIFIER = KWK.Flip;
				PRODUCT_NAME = "$(TARGET_NAME)";
				SWIFT_EMIT_LOC_STRINGS = YES;
				SWIFT_VERSION = 5.0;
				TARGETED_DEVICE_FAMILY = "1,2";
			};
			name = Debug;
		};
		CB5FDBC3286B8AD1007E6B81 /* Release */ = {
			isa = XCBuildConfiguration;
			buildSettings = {
				ASSETCATALOG_COMPILER_APPICON_NAME = AppIcon;
				ASSETCATALOG_COMPILER_GLOBAL_ACCENT_COLOR_NAME = AccentColor;
				CODE_SIGN_STYLE = Automatic;
				CURRENT_PROJECT_VERSION = 1;
				GENERATE_INFOPLIST_FILE = YES;
				INFOPLIST_FILE = Flip/Info.plist;
				INFOPLIST_KEY_UIApplicationSupportsIndirectInputEvents = YES;
				INFOPLIST_KEY_UILaunchStoryboardName = LaunchScreen;
				INFOPLIST_KEY_UIMainStoryboardFile = Main;
				INFOPLIST_KEY_UISupportedInterfaceOrientations_iPad = "UIInterfaceOrientationPortrait UIInterfaceOrientationPortraitUpsideDown UIInterfaceOrientationLandscapeLeft UIInterfaceOrientationLandscapeRight";
				INFOPLIST_KEY_UISupportedInterfaceOrientations_iPhone = "UIInterfaceOrientationPortrait UIInterfaceOrientationLandscapeLeft UIInterfaceOrientationLandscapeRight";
				LD_RUNPATH_SEARCH_PATHS = (
					"$(inherited)",
					"@executable_path/Frameworks",
				);
				MARKETING_VERSION = 1.0;
				PRODUCT_BUNDLE_IDENTIFIER = KWK.Flip;
				PRODUCT_NAME = "$(TARGET_NAME)";
				SWIFT_EMIT_LOC_STRINGS = YES;
				SWIFT_VERSION = 5.0;
				TARGETED_DEVICE_FAMILY = "1,2";
			};
			name = Release;
		};
/* End XCBuildConfiguration section */

/* Begin XCConfigurationList section */
		CB5FDBA5286B8ACF007E6B81 /* Build configuration list for PBXProject "Flip" */ = {
			isa = XCConfigurationList;
			buildConfigurations = (
				CB5FDBBF286B8AD1007E6B81 /* Debug */,
				CB5FDBC0286B8AD1007E6B81 /* Release */,
			);
			defaultConfigurationIsVisible = 0;
			defaultConfigurationName = Release;
		};
		CB5FDBC1286B8AD1007E6B81 /* Build configuration list for PBXNativeTarget "Flip" */ = {
			isa = XCConfigurationList;
			buildConfigurations = (
				CB5FDBC2286B8AD1007E6B81 /* Debug */,
				CB5FDBC3286B8AD1007E6B81 /* Release */,
			);
			defaultConfigurationIsVisible = 0;
			defaultConfigurationName = Release;
		};
/* End XCConfigurationList section */

/* Begin XCVersionGroup section */
		CB5FDBB6286B8ACF007E6B81 /* Flip.xcdatamodeld */ = {
			isa = XCVersionGroup;
			children = (
				CB5FDBB7286B8ACF007E6B81 /* Flip.xcdatamodel */,
			);
			currentVersion = CB5FDBB7286B8ACF007E6B81 /* Flip.xcdatamodel */;
			path = Flip.xcdatamodeld;
			sourceTree = "<group>";
			versionGroupType = wrapper.xcdatamodel;
		};
/* End XCVersionGroup section */
	};
	rootObject = CB5FDBA2286B8ACF007E6B81 /* Project object */;
}
